
Microsoft Visual Studio Solution File, Format Version 12.00
# Visual Studio Version 16
VisualStudioVersion = 16.0.31605.320
MinimumVisualStudioVersion = 10.0.40219.1
Project("{FAE04EC0-301F-11D3-BF4B-00C04F79EFBC}") = "API", "API.csproj", "{0404C4CD-2594-45C2-8E81-4FEA5E22C383}"
EndProject
Global
	GlobalSection(SolutionConfigurationPlatforms) = preSolution
		Debug|Any CPU = Debug|Any CPU
		Release|Any CPU = Release|Any CPU
	EndGlobalSection
	GlobalSection(ProjectConfigurationPlatforms) = postSolution
		{0404C4CD-2594-45C2-8E81-4FEA5E22C383}.Debug|Any CPU.ActiveCfg = Debug|Any CPU
		{0404C4CD-2594-45C2-8E81-4FEA5E22C383}.Debug|Any CPU.Build.0 = Debug|Any CPU
		{0404C4CD-2594-45C2-8E81-4FEA5E22C383}.Release|Any CPU.ActiveCfg = Release|Any CPU
		{0404C4CD-2594-45C2-8E81-4FEA5E22C383}.Release|Any CPU.Build.0 = Release|Any CPU
	EndGlobalSection
	GlobalSection(SolutionProperties) = preSolution
		HideSolutionNode = FALSE
	EndGlobalSection
	GlobalSection(ExtensibilityGlobals) = postSolution
		SolutionGuid = {B267ECFE-5B47-49A9-A3F8-609E49766362}
	EndGlobalSection
EndGlobal
